// !$*UTF8*$!
{
	archiveVersion = 1;
	classes = {
	};
	objectVersion = 56;
	objects = {

/* Begin PBXBuildFile section */
		3E2D77A2297683B80093B024 /* riseup.mp3 in Resources */ = {isa = PBXBuildFile; fileRef = 3E2D779A297683B70093B024 /* riseup.mp3 */; };
		3E2D77A3297683B80093B024 /* win.mp3 in Resources */ = {isa = PBXBuildFile; fileRef = 3E2D779B297683B70093B024 /* win.mp3 */; };
		3E2D77A4297683B80093B024 /* chimeup.mp3 in Resources */ = {isa = PBXBuildFile; fileRef = 3E2D779C297683B70093B024 /* chimeup.mp3 */; };
		3E2D77A5297683B80093B024 /* background-music.mp3 in Resources */ = {isa = PBXBuildFile; fileRef = 3E2D779D297683B80093B024 /* background-music.mp3 */; };
		3E2D77A6297683B80093B024 /* high-score.mp3 in Resources */ = {isa = PBXBuildFile; fileRef = 3E2D779E297683B80093B024 /* high-score.mp3 */; };
		3E2D77A7297683B80093B024 /* game-over.mp3 in Resources */ = {isa = PBXBuildFile; fileRef = 3E2D779F297683B80093B024 /* game-over.mp3 */; };
		3E2D77A8297683B80093B024 /* spin.mp3 in Resources */ = {isa = PBXBuildFile; fileRef = 3E2D77A0297683B80093B024 /* spin.mp3 */; };
		3E2D77A9297683B80093B024 /* casino-chips.mp3 in Resources */ = {isa = PBXBuildFile; fileRef = 3E2D77A1297683B80093B024 /* casino-chips.mp3 */; };
		3E2D77B1297685CC0093B024 /* Launch Screen.storyboard in Resources */ = {isa = PBXBuildFile; fileRef = 3E2D77B0297685CC0093B024 /* Launch Screen.storyboard */; };
		3E2D77B32976D7A50093B024 /* LogoView.swift in Sources */ = {isa = PBXBuildFile; fileRef = 3E2D77B22976D7A50093B024 /* LogoView.swift */; };
		3E2D77B52976D7C90093B024 /* Modifiers.swift in Sources */ = {isa = PBXBuildFile; fileRef = 3E2D77B42976D7C90093B024 /* Modifiers.swift */; };
		3E6713C9296C008E00FD9301 /* Slot_machineApp.swift in Sources */ = {isa = PBXBuildFile; fileRef = 3E6713C8296C008E00FD9301 /* Slot_machineApp.swift */; };
		3E6713CB296C008E00FD9301 /* ContentView.swift in Sources */ = {isa = PBXBuildFile; fileRef = 3E6713CA296C008E00FD9301 /* ContentView.swift */; };
		3E6713CD296C008F00FD9301 /* Assets.xcassets in Resources */ = {isa = PBXBuildFile; fileRef = 3E6713CC296C008F00FD9301 /* Assets.xcassets */; };
		3E6713D0296C008F00FD9301 /* Preview Assets.xcassets in Resources */ = {isa = PBXBuildFile; fileRef = 3E6713CF296C008F00FD9301 /* Preview Assets.xcassets */; };
		3E8978C22977C8FE00A3D915 /* Extensions.swift in Sources */ = {isa = PBXBuildFile; fileRef = 3E8978C12977C8FE00A3D915 /* Extensions.swift */; };
/* End PBXBuildFile section */

/* Begin PBXFileReference section */
		3E2D779A297683B70093B024 /* riseup.mp3 */ = {isa = PBXFileReference; lastKnownFileType = audio.mp3; path = riseup.mp3; sourceTree = "<group>"; };
		3E2D779B297683B70093B024 /* win.mp3 */ = {isa = PBXFileReference; lastKnownFileType = audio.mp3; path = win.mp3; sourceTree = "<group>"; };
		3E2D779C297683B70093B024 /* chimeup.mp3 */ = {isa = PBXFileReference; lastKnownFileType = audio.mp3; path = chimeup.mp3; sourceTree = "<group>"; };
		3E2D779D297683B80093B024 /* background-music.mp3 */ = {isa = PBXFileReference; lastKnownFileType = audio.mp3; path = "background-music.mp3"; sourceTree = "<group>"; };
		3E2D779E297683B80093B024 /* high-score.mp3 */ = {isa = PBXFileReference; lastKnownFileType = audio.mp3; path = "high-score.mp3"; sourceTree = "<group>"; };
		3E2D779F297683B80093B024 /* game-over.mp3 */ = {isa = PBXFileReference; lastKnownFileType = audio.mp3; path = "game-over.mp3"; sourceTree = "<group>"; };
		3E2D77A0297683B80093B024 /* spin.mp3 */ = {isa = PBXFileReference; lastKnownFileType = audio.mp3; path = spin.mp3; sourceTree = "<group>"; };
		3E2D77A1297683B80093B024 /* casino-chips.mp3 */ = {isa = PBXFileReference; lastKnownFileType = audio.mp3; path = "casino-chips.mp3"; sourceTree = "<group>"; };
		3E2D77B0297685CC0093B024 /* Launch Screen.storyboard */ = {isa = PBXFileReference; lastKnownFileType = file.storyboard; path = "Launch Screen.storyboard"; sourceTree = "<group>"; };
		3E2D77B22976D7A50093B024 /* LogoView.swift */ = {isa = PBXFileReference; lastKnownFileType = sourcecode.swift; path = LogoView.swift; sourceTree = "<group>"; };
		3E2D77B42976D7C90093B024 /* Modifiers.swift */ = {isa = PBXFileReference; lastKnownFileType = sourcecode.swift; path = Modifiers.swift; sourceTree = "<group>"; };
		3E6713C5296C008E00FD9301 /* Slot-machine.app */ = {isa = PBXFileReference; explicitFileType = wrapper.application; includeInIndex = 0; path = "Slot-machine.app"; sourceTree = BUILT_PRODUCTS_DIR; };
		3E6713C8296C008E00FD9301 /* Slot_machineApp.swift */ = {isa = PBXFileReference; lastKnownFileType = sourcecode.swift; path = Slot_machineApp.swift; sourceTree = "<group>"; };
		3E6713CA296C008E00FD9301 /* ContentView.swift */ = {isa = PBXFileReference; lastKnownFileType = sourcecode.swift; path = ContentView.swift; sourceTree = "<group>"; };
		3E6713CC296C008F00FD9301 /* Assets.xcassets */ = {isa = PBXFileReference; lastKnownFileType = folder.assetcatalog; path = Assets.xcassets; sourceTree = "<group>"; };
		3E6713CF296C008F00FD9301 /* Preview Assets.xcassets */ = {isa = PBXFileReference; lastKnownFileType = folder.assetcatalog; path = "Preview Assets.xcassets"; sourceTree = "<group>"; };
		3E8978C12977C8FE00A3D915 /* Extensions.swift */ = {isa = PBXFileReference; lastKnownFileType = sourcecode.swift; path = Extensions.swift; sourceTree = "<group>"; };
/* End PBXFileReference section */

/* Begin PBXFrameworksBuildPhase section */
		3E6713C2296C008E00FD9301 /* Frameworks */ = {
			isa = PBXFrameworksBuildPhase;
			buildActionMask = 2147483647;
			files = (
			);
			runOnlyForDeploymentPostprocessing = 0;
		};
/* End PBXFrameworksBuildPhase section */

/* Begin PBXGroup section */
		3E2D77AA297683C50093B024 /* Sounds */ = {
			isa = PBXGroup;
			children = (
				3E2D779D297683B80093B024 /* background-music.mp3 */,
				3E2D77A1297683B80093B024 /* casino-chips.mp3 */,
				3E2D779C297683B70093B024 /* chimeup.mp3 */,
				3E2D779F297683B80093B024 /* game-over.mp3 */,
				3E2D779E297683B80093B024 /* high-score.mp3 */,
				3E2D779A297683B70093B024 /* riseup.mp3 */,
				3E2D77A0297683B80093B024 /* spin.mp3 */,
				3E2D779B297683B70093B024 /* win.mp3 */,
			);
			path = Sounds;
			sourceTree = "<group>";
		};
		3E2D77AC297683FB0093B024 /* Helpers */ = {
			isa = PBXGroup;
			children = (
				3E2D77B42976D7C90093B024 /* Modifiers.swift */,
				3E8978C12977C8FE00A3D915 /* Extensions.swift */,
			);
			path = Helpers;
			sourceTree = "<group>";
		};
		3E2D77AE2976851C0093B024 /* Views */ = {
			isa = PBXGroup;
			children = (
				3E6713CA296C008E00FD9301 /* ContentView.swift */,
				3E2D77B22976D7A50093B024 /* LogoView.swift */,
			);
			path = Views;
			sourceTree = "<group>";
		};
		3E6713BC296C008E00FD9301 = {
			isa = PBXGroup;
			children = (
				3E6713C7296C008E00FD9301 /* Slot-machine */,
				3E6713C6296C008E00FD9301 /* Products */,
			);
			sourceTree = "<group>";
		};
		3E6713C6296C008E00FD9301 /* Products */ = {
			isa = PBXGroup;
			children = (
				3E6713C5296C008E00FD9301 /* Slot-machine.app */,
			);
			name = Products;
			sourceTree = "<group>";
		};
		3E6713C7296C008E00FD9301 /* Slot-machine */ = {
			isa = PBXGroup;
			children = (
				3E2D77AA297683C50093B024 /* Sounds */,
				3E2D77AE2976851C0093B024 /* Views */,
				3E2D77AC297683FB0093B024 /* Helpers */,
				3E6713C8296C008E00FD9301 /* Slot_machineApp.swift */,
				3E6713CC296C008F00FD9301 /* Assets.xcassets */,
				3E6713CE296C008F00FD9301 /* Preview Content */,
				3E2D77B0297685CC0093B024 /* Launch Screen.storyboard */,
			);
			path = "Slot-machine";
			sourceTree = "<group>";
		};
		3E6713CE296C008F00FD9301 /* Preview Content */ = {
			isa = PBXGroup;
			children = (
				3E6713CF296C008F00FD9301 /* Preview Assets.xcassets */,
			);
			path = "Preview Content";
			sourceTree = "<group>";
		};
/* End PBXGroup section */

/* Begin PBXNativeTarget section */
		3E6713C4296C008E00FD9301 /* Slot-machine */ = {
			isa = PBXNativeTarget;
			buildConfigurationList = 3E6713D3296C008F00FD9301 /* Build configuration list for PBXNativeTarget "Slot-machine" */;
			buildPhases = (
				3E6713C1296C008E00FD9301 /* Sources */,
				3E6713C2296C008E00FD9301 /* Frameworks */,
				3E6713C3296C008E00FD9301 /* Resources */,
			);
			buildRules = (
			);
			dependencies = (
			);
			name = "Slot-machine";
			productName = "Slot-machine";
			productReference = 3E6713C5296C008E00FD9301 /* Slot-machine.app */;
			productType = "com.apple.product-type.application";
		};
/* End PBXNativeTarget section */

/* Begin PBXProject section */
		3E6713BD296C008E00FD9301 /* Project object */ = {
			isa = PBXProject;
			attributes = {
				BuildIndependentTargetsInParallel = 1;
				LastSwiftUpdateCheck = 1410;
				LastUpgradeCheck = 1410;
				TargetAttributes = {
					3E6713C4296C008E00FD9301 = {
						CreatedOnToolsVersion = 14.1;
					};
				};
			};
			buildConfigurationList = 3E6713C0296C008E00FD9301 /* Build configuration list for PBXProject "Slot-machine" */;
			compatibilityVersion = "Xcode 14.0";
			developmentRegion = en;
			hasScannedForEncodings = 0;
			knownRegions = (
				en,
				Base,
			);
			mainGroup = 3E6713BC296C008E00FD9301;
			productRefGroup = 3E6713C6296C008E00FD9301 /* Products */;
			projectDirPath = "";
			projectRoot = "";
			targets = (
				3E6713C4296C008E00FD9301 /* Slot-machine */,
			);
		};
/* End PBXProject section */

/* Begin PBXResourcesBuildPhase section */
		3E6713C3296C008E00FD9301 /* Resources */ = {
			isa = PBXResourcesBuildPhase;
			buildActionMask = 2147483647;
			files = (
				3E2D77A6297683B80093B024 /* high-score.mp3 in Resources */,
				3E2D77A2297683B80093B024 /* riseup.mp3 in Resources */,
				3E2D77A8297683B80093B024 /* spin.mp3 in Resources */,
				3E6713D0296C008F00FD9301 /* Preview Assets.xcassets in Resources */,
				3E6713CD296C008F00FD9301 /* Assets.xcassets in Resources */,
				3E2D77A4297683B80093B024 /* chimeup.mp3 in Resources */,
				3E2D77B1297685CC0093B024 /* Launch Screen.storyboard in Resources */,
				3E2D77A5297683B80093B024 /* background-music.mp3 in Resources */,
				3E2D77A7297683B80093B024 /* game-over.mp3 in Resources */,
				3E2D77A3297683B80093B024 /* win.mp3 in Resources */,
				3E2D77A9297683B80093B024 /* casino-chips.mp3 in Resources */,
			);
			runOnlyForDeploymentPostprocessing = 0;
		};
/* End PBXResourcesBuildPhase section */

/* Begin PBXSourcesBuildPhase section */
		3E6713C1296C008E00FD9301 /* Sources */ = {
			isa = PBXSourcesBuildPhase;
			buildActionMask = 2147483647;
			files = (
				3E8978C22977C8FE00A3D915 /* Extensions.swift in Sources */,
				3E2D77B52976D7C90093B024 /* Modifiers.swift in Sources */,
				3E6713CB296C008E00FD9301 /* ContentView.swift in Sources */,
				3E2D77B32976D7A50093B024 /* LogoView.swift in Sources */,
				3E6713C9296C008E00FD9301 /* Slot_machineApp.swift in Sources */,
			);
			runOnlyForDeploymentPostprocessing = 0;
		};
/* End PBXSourcesBuildPhase section */

/* Begin XCBuildConfiguration section */
		3E6713D1296C008F00FD9301 /* Debug */ = {
			isa = XCBuildConfiguration;
			buildSettings = {
				ALWAYS_SEARCH_USER_PATHS = NO;
				CLANG_ANALYZER_NONNULL = YES;
				CLANG_ANALYZER_NUMBER_OBJECT_CONVERSION = YES_AGGRESSIVE;
				CLANG_CXX_LANGUAGE_STANDARD = "gnu++20";
				CLANG_ENABLE_MODULES = YES;
				CLANG_ENABLE_OBJC_ARC = YES;
				CLANG_ENABLE_OBJC_WEAK = YES;
				CLANG_WARN_BLOCK_CAPTURE_AUTORELEASING = YES;
				CLANG_WARN_BOOL_CONVERSION = YES;
				CLANG_WARN_COMMA = YES;
				CLANG_WARN_CONSTANT_CONVERSION = YES;
				CLANG_WARN_DEPRECATED_OBJC_IMPLEMENTATIONS = YES;
				CLANG_WARN_DIRECT_OBJC_ISA_USAGE = YES_ERROR;
				CLANG_WARN_DOCUMENTATION_COMMENTS = YES;
				CLANG_WARN_EMPTY_BODY = YES;
				CLANG_WARN_ENUM_CONVERSION = YES;
				CLANG_WARN_INFINITE_RECURSION = YES;
				CLANG_WARN_INT_CONVERSION = YES;
				CLANG_WARN_NON_LITERAL_NULL_CONVERSION = YES;
				CLANG_WARN_OBJC_IMPLICIT_RETAIN_SELF = YES;
				CLANG_WARN_OBJC_LITERAL_CONVERSION = YES;
				CLANG_WARN_OBJC_ROOT_CLASS = YES_ERROR;
				CLANG_WARN_QUOTED_INCLUDE_IN_FRAMEWORK_HEADER = YES;
				CLANG_WARN_RANGE_LOOP_ANALYSIS = YES;
				CLANG_WARN_STRICT_PROTOTYPES = YES;
				CLANG_WARN_SUSPICIOUS_MOVE = YES;
				CLANG_WARN_UNGUARDED_AVAILABILITY = YES_AGGRESSIVE;
				CLANG_WARN_UNREACHABLE_CODE = YES;
				CLANG_WARN__DUPLICATE_METHOD_MATCH = YES;
				COPY_PHASE_STRIP = NO;
				DEBUG_INFORMATION_FORMAT = dwarf;
				ENABLE_STRICT_OBJC_MSGSEND = YES;
				ENABLE_TESTABILITY = YES;
				GCC_C_LANGUAGE_STANDARD = gnu11;
				GCC_DYNAMIC_NO_PIC = NO;
				GCC_NO_COMMON_BLOCKS = YES;
				GCC_OPTIMIZATION_LEVEL = 0;
				GCC_PREPROCESSOR_DEFINITIONS = (
					"DEBUG=1",
					"$(inherited)",
				);
				GCC_WARN_64_TO_32_BIT_CONVERSION = YES;
				GCC_WARN_ABOUT_RETURN_TYPE = YES_ERROR;
				GCC_WARN_UNDECLARED_SELECTOR = YES;
				GCC_WARN_UNINITIALIZED_AUTOS = YES_AGGRESSIVE;
				GCC_WARN_UNUSED_FUNCTION = YES;
				GCC_WARN_UNUSED_VARIABLE = YES;
				IPHONEOS_DEPLOYMENT_TARGET = 16.1;
				MTL_ENABLE_DEBUG_INFO = INCLUDE_SOURCE;
				MTL_FAST_MATH = YES;
				ONLY_ACTIVE_ARCH = YES;
				SDKROOT = iphoneos;
				SWIFT_ACTIVE_COMPILATION_CONDITIONS = DEBUG;
				SWIFT_OPTIMIZATION_LEVEL = "-Onone";
			};
			name = Debug;
		};
		3E6713D2296C008F00FD9301 /* Release */ = {
			isa = XCBuildConfiguration;
			buildSettings = {
				ALWAYS_SEARCH_USER_PATHS = NO;
				CLANG_ANALYZER_NONNULL = YES;
				CLANG_ANALYZER_NUMBER_OBJECT_CONVERSION = YES_AGGRESSIVE;
				CLANG_CXX_LANGUAGE_STANDARD = "gnu++20";
				CLANG_ENABLE_MODULES = YES;
				CLANG_ENABLE_OBJC_ARC = YES;
				CLANG_ENABLE_OBJC_WEAK = YES;
				CLANG_WARN_BLOCK_CAPTURE_AUTORELEASING = YES;
				CLANG_WARN_BOOL_CONVERSION = YES;
				CLANG_WARN_COMMA = YES;
				CLANG_WARN_CONSTANT_CONVERSION = YES;
				CLANG_WARN_DEPRECATED_OBJC_IMPLEMENTATIONS = YES;
				CLANG_WARN_DIRECT_OBJC_ISA_USAGE = YES_ERROR;
				CLANG_WARN_DOCUMENTATION_COMMENTS = YES;
				CLANG_WARN_EMPTY_BODY = YES;
				CLANG_WARN_ENUM_CONVERSION = YES;
				CLANG_WARN_INFINITE_RECURSION = YES;
				CLANG_WARN_INT_CONVERSION = YES;
				CLANG_WARN_NON_LITERAL_NULL_CONVERSION = YES;
				CLANG_WARN_OBJC_IMPLICIT_RETAIN_SELF = YES;
				CLANG_WARN_OBJC_LITERAL_CONVERSION = YES;
				CLANG_WARN_OBJC_ROOT_CLASS = YES_ERROR;
				CLANG_WARN_QUOTED_INCLUDE_IN_FRAMEWORK_HEADER = YES;
				CLANG_WARN_RANGE_LOOP_ANALYSIS = YES;
				CLANG_WARN_STRICT_PROTOTYPES = YES;
				CLANG_WARN_SUSPICIOUS_MOVE = YES;
				CLANG_WARN_UNGUARDED_AVAILABILITY = YES_AGGRESSIVE;
				CLANG_WARN_UNREACHABLE_CODE = YES;
				CLANG_WARN__DUPLICATE_METHOD_MATCH = YES;
				COPY_PHASE_STRIP = NO;
				DEBUG_INFORMATION_FORMAT = "dwarf-with-dsym";
				ENABLE_NS_ASSERTIONS = NO;
				ENABLE_STRICT_OBJC_MSGSEND = YES;
				GCC_C_LANGUAGE_STANDARD = gnu11;
				GCC_NO_COMMON_BLOCKS = YES;
				GCC_WARN_64_TO_32_BIT_CONVERSION = YES;
				GCC_WARN_ABOUT_RETURN_TYPE = YES_ERROR;
				GCC_WARN_UNDECLARED_SELECTOR = YES;
				GCC_WARN_UNINITIALIZED_AUTOS = YES_AGGRESSIVE;
				GCC_WARN_UNUSED_FUNCTION = YES;
				GCC_WARN_UNUSED_VARIABLE = YES;
				IPHONEOS_DEPLOYMENT_TARGET = 16.1;
				MTL_ENABLE_DEBUG_INFO = NO;
				MTL_FAST_MATH = YES;
				SDKROOT = iphoneos;
				SWIFT_COMPILATION_MODE = wholemodule;
				SWIFT_OPTIMIZATION_LEVEL = "-O";
				VALIDATE_PRODUCT = YES;
			};
			name = Release;
		};
		3E6713D4296C008F00FD9301 /* Debug */ = {
			isa = XCBuildConfiguration;
			buildSettings = {
				ASSETCATALOG_COMPILER_APPICON_NAME = AppIcon;
				ASSETCATALOG_COMPILER_GLOBAL_ACCENT_COLOR_NAME = AccentColor;
				CODE_SIGN_STYLE = Automatic;
				CURRENT_PROJECT_VERSION = 1;
				DEVELOPMENT_ASSET_PATHS = "\"Slot-machine/Preview Content\"";
				DEVELOPMENT_TEAM = 9R82AZ54M6;
				ENABLE_PREVIEWS = YES;
				GENERATE_INFOPLIST_FILE = YES;
				INFOPLIST_KEY_UIApplicationSceneManifest_Generation = YES;
				INFOPLIST_KEY_UIApplicationSupportsIndirectInputEvents = YES;
				INFOPLIST_KEY_UILaunchScreen_Generation = YES;
				INFOPLIST_KEY_UILaunchStoryboardName = "Launch Screen.storyboard";
				INFOPLIST_KEY_UISupportedInterfaceOrientations = UIInterfaceOrientationPortrait;
				LD_RUNPATH_SEARCH_PATHS = (
					"$(inherited)",
					"@executable_path/Frameworks",
				);
				MARKETING_VERSION = 1.0;
				PRODUCT_BUNDLE_IDENTIFIER = "me-ong.Slot-machine";
				PRODUCT_NAME = "$(TARGET_NAME)";
				SWIFT_EMIT_LOC_STRINGS = YES;
				SWIFT_VERSION = 5.0;
				TARGETED_DEVICE_FAMILY = "1,2";
			};
			name = Debug;
		};
		3E6713D5296C008F00FD9301 /* Release */ = {
			isa = XCBuildConfiguration;
			buildSettings = {
				ASSETCATALOG_COMPILER_APPICON_NAME = AppIcon;
				ASSETCATALOG_COMPILER_GLOBAL_ACCENT_COLOR_NAME = AccentColor;
				CODE_SIGN_STYLE = Automatic;
				CURRENT_PROJECT_VERSION = 1;
				DEVELOPMENT_ASSET_PATHS = "\"Slot-machine/Preview Content\"";
				DEVELOPMENT_TEAM = 9R82AZ54M6;
				ENABLE_PREVIEWS = YES;
				GENERATE_INFOPLIST_FILE = YES;
				INFOPLIST_KEY_UIApplicationSceneManifest_Generation = YES;
				INFOPLIST_KEY_UIApplicationSupportsIndirectInputEvents = YES;
				INFOPLIST_KEY_UILaunchScreen_Generation = YES;
				INFOPLIST_KEY_UILaunchStoryboardName = "Launch Screen.storyboard";
				INFOPLIST_KEY_UISupportedInterfaceOrientations = UIInterfaceOrientationPortrait;
				LD_RUNPATH_SEARCH_PATHS = (
					"$(inherited)",
					"@executable_path/Frameworks",
				);
				MARKETING_VERSION = 1.0;
				PRODUCT_BUNDLE_IDENTIFIER = "me-ong.Slot-machine";
				PRODUCT_NAME = "$(TARGET_NAME)";
				SWIFT_EMIT_LOC_STRINGS = YES;
				SWIFT_VERSION = 5.0;
				TARGETED_DEVICE_FAMILY = "1,2";
			};
			name = Release;
		};
/* End XCBuildConfiguration section */

/* Begin XCConfigurationList section */
		3E6713C0296C008E00FD9301 /* Build configuration list for PBXProject "Slot-machine" */ = {
			isa = XCConfigurationList;
			buildConfigurations = (
				3E6713D1296C008F00FD9301 /* Debug */,
				3E6713D2296C008F00FD9301 /* Release */,
			);
			defaultConfigurationIsVisible = 0;
			defaultConfigurationName = Release;
		};
		3E6713D3296C008F00FD9301 /* Build configuration list for PBXNativeTarget "Slot-machine" */ = {
			isa = XCConfigurationList;
			buildConfigurations = (
				3E6713D4296C008F00FD9301 /* Debug */,
				3E6713D5296C008F00FD9301 /* Release */,
			);
			defaultConfigurationIsVisible = 0;
			defaultConfigurationName = Release;
		};
/* End XCConfigurationList section */
	};
	rootObject = 3E6713BD296C008E00FD9301 /* Project object */;
}
